
Microsoft Visual Studio Solution File, Format Version 12.00
# Visual Studio Version 17
VisualStudioVersion = 17.5.33627.172
MinimumVisualStudioVersion = 10.0.40219.1
Project("{9A19103F-16F7-4668-BE54-9A1E7A4F7556}") = "Pokemon", "Pokemon\Pokemon.csproj", "{A84173A5-3A4A-4B67-BD9E-3A9FE8E5E726}"
EndProject
Project("{9A19103F-16F7-4668-BE54-9A1E7A4F7556}") = "PokemonTest", "PokemonTest\PokemonTest.csproj", "{06E09057-3C5F-4CFC-B9A9-E661C666435B}"
EndProject
Project("{9A19103F-16F7-4668-BE54-9A1E7A4F7556}") = "Bag", "PokemonBag\Bag.csproj", "{761EC13A-272D-46ED-BBF8-234448311A99}"
EndProject
Project("{9A19103F-16F7-4668-BE54-9A1E7A4F7556}") = "Item", "Item\Item.csproj", "{13009D42-1125-422F-8670-2B165CABBA5E}"
EndProject
Project("{FAE04EC0-301F-11D3-BF4B-00C04F79EFBC}") = "BagTest", "BagTest\BagTest.csproj", "{64F06472-08A3-4511-A4C1-76C963341F6F}"
EndProject
Global
	GlobalSection(SolutionConfigurationPlatforms) = preSolution
		Debug|Any CPU = Debug|Any CPU
		Release|Any CPU = Release|Any CPU
	EndGlobalSection
	GlobalSection(ProjectConfigurationPlatforms) = postSolution
		{A84173A5-3A4A-4B67-BD9E-3A9FE8E5E726}.Debug|Any CPU.ActiveCfg = Debug|Any CPU
		{A84173A5-3A4A-4B67-BD9E-3A9FE8E5E726}.Debug|Any CPU.Build.0 = Debug|Any CPU
		{A84173A5-3A4A-4B67-BD9E-3A9FE8E5E726}.Release|Any CPU.ActiveCfg = Release|Any CPU
		{A84173A5-3A4A-4B67-BD9E-3A9FE8E5E726}.Release|Any CPU.Build.0 = Release|Any CPU
		{06E09057-3C5F-4CFC-B9A9-E661C666435B}.Debug|Any CPU.ActiveCfg = Debug|Any CPU
		{06E09057-3C5F-4CFC-B9A9-E661C666435B}.Debug|Any CPU.Build.0 = Debug|Any CPU
		{06E09057-3C5F-4CFC-B9A9-E661C666435B}.Release|Any CPU.ActiveCfg = Release|Any CPU
		{06E09057-3C5F-4CFC-B9A9-E661C666435B}.Release|Any CPU.Build.0 = Release|Any CPU
		{761EC13A-272D-46ED-BBF8-234448311A99}.Debug|Any CPU.ActiveCfg = Debug|Any CPU
		{761EC13A-272D-46ED-BBF8-234448311A99}.Debug|Any CPU.Build.0 = Debug|Any CPU
		{761EC13A-272D-46ED-BBF8-234448311A99}.Release|Any CPU.ActiveCfg = Release|Any CPU
		{761EC13A-272D-46ED-BBF8-234448311A99}.Release|Any CPU.Build.0 = Release|Any CPU
		{13009D42-1125-422F-8670-2B165CABBA5E}.Debug|Any CPU.ActiveCfg = Debug|Any CPU
		{13009D42-1125-422F-8670-2B165CABBA5E}.Debug|Any CPU.Build.0 = Debug|Any CPU
		{13009D42-1125-422F-8670-2B165CABBA5E}.Release|Any CPU.ActiveCfg = Release|Any CPU
		{13009D42-1125-422F-8670-2B165CABBA5E}.Release|Any CPU.Build.0 = Release|Any CPU
		{64F06472-08A3-4511-A4C1-76C963341F6F}.Debug|Any CPU.ActiveCfg = Debug|Any CPU
		{64F06472-08A3-4511-A4C1-76C963341F6F}.Debug|Any CPU.Build.0 = Debug|Any CPU
		{64F06472-08A3-4511-A4C1-76C963341F6F}.Release|Any CPU.ActiveCfg = Release|Any CPU
		{64F06472-08A3-4511-A4C1-76C963341F6F}.Release|Any CPU.Build.0 = Release|Any CPU
	EndGlobalSection
	GlobalSection(SolutionProperties) = preSolution
		HideSolutionNode = FALSE
	EndGlobalSection
	GlobalSection(ExtensibilityGlobals) = postSolution
		SolutionGuid = {1A8FEAC7-8A64-46C6-B35C-DC7F9C819841}
	EndGlobalSection
EndGlobal
